
Microsoft Visual Studio Solution File, Format Version 12.00
# Visual Studio Version 17
VisualStudioVersion = 17.0.31912.275
MinimumVisualStudioVersion = 10.0.40219.1
Project("{FAE04EC0-301F-11D3-BF4B-00C04F79EFBC}") = "CandlesCompany", "CandlesCompany\CandlesCompany.csproj", "{2720A45C-777E-4140-9F51-1EF99A4B29EB}"
EndProject
Project("{FAE04EC0-301F-11D3-BF4B-00C04F79EFBC}") = "DBUtils", "DBUtils\DBUtils.csproj", "{6B27A8E6-4827-4B72-9CB9-7E9764A14CF5}"
EndProject
Project("{FAE04EC0-301F-11D3-BF4B-00C04F79EFBC}") = "UnitTestProject1", "UnitTestProject1\UnitTestProject1.csproj", "{F17232A8-E427-488D-97F4-39CC2DD102CA}"
EndProject
Global
	GlobalSection(SolutionConfigurationPlatforms) = preSolution
		Debug|Any CPU = Debug|Any CPU
		Release|Any CPU = Release|Any CPU
	EndGlobalSection
	GlobalSection(ProjectConfigurationPlatforms) = postSolution
		{2720A45C-777E-4140-9F51-1EF99A4B29EB}.Debug|Any CPU.ActiveCfg = Debug|Any CPU
		{2720A45C-777E-4140-9F51-1EF99A4B29EB}.Debug|Any CPU.Build.0 = Debug|Any CPU
		{2720A45C-777E-4140-9F51-1EF99A4B29EB}.Release|Any CPU.ActiveCfg = Release|Any CPU
		{2720A45C-777E-4140-9F51-1EF99A4B29EB}.Release|Any CPU.Build.0 = Release|Any CPU
		{6B27A8E6-4827-4B72-9CB9-7E9764A14CF5}.Debug|Any CPU.ActiveCfg = Debug|Any CPU
		{6B27A8E6-4827-4B72-9CB9-7E9764A14CF5}.Debug|Any CPU.Build.0 = Debug|Any CPU
		{6B27A8E6-4827-4B72-9CB9-7E9764A14CF5}.Release|Any CPU.ActiveCfg = Release|Any CPU
		{6B27A8E6-4827-4B72-9CB9-7E9764A14CF5}.Release|Any CPU.Build.0 = Release|Any CPU
		{F17232A8-E427-488D-97F4-39CC2DD102CA}.Debug|Any CPU.ActiveCfg = Debug|Any CPU
		{F17232A8-E427-488D-97F4-39CC2DD102CA}.Debug|Any CPU.Build.0 = Debug|Any CPU
		{F17232A8-E427-488D-97F4-39CC2DD102CA}.Release|Any CPU.ActiveCfg = Release|Any CPU
		{F17232A8-E427-488D-97F4-39CC2DD102CA}.Release|Any CPU.Build.0 = Release|Any CPU
	EndGlobalSection
	GlobalSection(SolutionProperties) = preSolution
		HideSolutionNode = FALSE
	EndGlobalSection
	GlobalSection(ExtensibilityGlobals) = postSolution
		SolutionGuid = {D8AFA840-3D80-4B85-A8CF-121CFB0F1E25}
	EndGlobalSection
EndGlobal
